
Microsoft Visual Studio Solution File, Format Version 12.00
# Visual Studio Version 16
VisualStudioVersion = 16.0.30330.147
MinimumVisualStudioVersion = 10.0.40219.1
Project("{FAE04EC0-301F-11D3-BF4B-00C04F79EFBC}") = "ConsoleApp1", "ConsoleApp1\ConsoleApp1.csproj", "{A9A2C0D3-73D2-40F1-A3FC-CE4EFB55D0AD}"
EndProject
Global
	GlobalSection(SolutionConfigurationPlatforms) = preSolution
		Debug|Any CPU = Debug|Any CPU
		Release|Any CPU = Release|Any CPU
	EndGlobalSection
	GlobalSection(ProjectConfigurationPlatforms) = postSolution
		{A9A2C0D3-73D2-40F1-A3FC-CE4EFB55D0AD}.Debug|Any CPU.ActiveCfg = Debug|Any CPU
		{A9A2C0D3-73D2-40F1-A3FC-CE4EFB55D0AD}.Debug|Any CPU.Build.0 = Debug|Any CPU
		{A9A2C0D3-73D2-40F1-A3FC-CE4EFB55D0AD}.Release|Any CPU.ActiveCfg = Release|Any CPU
		{A9A2C0D3-73D2-40F1-A3FC-CE4EFB55D0AD}.Release|Any CPU.Build.0 = Release|Any CPU
	EndGlobalSection
	GlobalSection(SolutionProperties) = preSolution
		HideSolutionNode = FALSE
	EndGlobalSection
	GlobalSection(ExtensibilityGlobals) = postSolution
		SolutionGuid = {4385F9AF-0726-4651-815D-58E536F69FA0}
	EndGlobalSection
EndGlobal
